
Microsoft Visual Studio Solution File, Format Version 11.00
# Visual Studio 2010
Project("{FAE04EC0-301F-11D3-BF4B-00C04F79EFBC}") = "first_repo", "first_repo\first_repo.csproj", "{8F171BC7-1390-437C-A78D-F4A4A38379DA}"
EndProject
Global
	GlobalSection(SolutionConfigurationPlatforms) = preSolution
		Debug|Any CPU = Debug|Any CPU
		Release|Any CPU = Release|Any CPU
	EndGlobalSection
	GlobalSection(ProjectConfigurationPlatforms) = postSolution
		{8F171BC7-1390-437C-A78D-F4A4A38379DA}.Debug|Any CPU.ActiveCfg = Debug|Any CPU
		{8F171BC7-1390-437C-A78D-F4A4A38379DA}.Debug|Any CPU.Build.0 = Debug|Any CPU
		{8F171BC7-1390-437C-A78D-F4A4A38379DA}.Release|Any CPU.ActiveCfg = Release|Any CPU
		{8F171BC7-1390-437C-A78D-F4A4A38379DA}.Release|Any CPU.Build.0 = Release|Any CPU
	EndGlobalSection
	GlobalSection(MonoDevelopProperties) = preSolution
		StartupItem = first_repo\first_repo.csproj
	EndGlobalSection
EndGlobal
